// !$*UTF8*$!
{
	archiveVersion = 1;
	classes = {
	};
	objectVersion = 51;
	objects = {

/* Begin PBXBuildFile section */
		3D2B66DFF6998CC194CB6C10 /* Pods_Swift5IntroApp01.framework in Frameworks */ = {isa = PBXBuildFile; fileRef = 7829E412DDED7AAEDF2D3184 /* Pods_Swift5IntroApp01.framework */; };
		8D353C7124F63387009AA871 /* AppDelegate.swift in Sources */ = {isa = PBXBuildFile; fileRef = 8D353C7024F63387009AA871 /* AppDelegate.swift */; };
		8D353C7324F63387009AA871 /* SceneDelegate.swift in Sources */ = {isa = PBXBuildFile; fileRef = 8D353C7224F63387009AA871 /* SceneDelegate.swift */; };
		8D353C7824F63387009AA871 /* Main.storyboard in Resources */ = {isa = PBXBuildFile; fileRef = 8D353C7624F63387009AA871 /* Main.storyboard */; };
		8D353C7A24F63389009AA871 /* Assets.xcassets in Resources */ = {isa = PBXBuildFile; fileRef = 8D353C7924F63389009AA871 /* Assets.xcassets */; };
		8D353C7D24F63389009AA871 /* LaunchScreen.storyboard in Resources */ = {isa = PBXBuildFile; fileRef = 8D353C7B24F63389009AA871 /* LaunchScreen.storyboard */; };
		8D353C8D24F63854009AA871 /* 3.json in Resources */ = {isa = PBXBuildFile; fileRef = 8D353C8724F63853009AA871 /* 3.json */; };
		8D353C8E24F63854009AA871 /* 1.json in Resources */ = {isa = PBXBuildFile; fileRef = 8D353C8824F63853009AA871 /* 1.json */; };
		8D353C8F24F63854009AA871 /* 2.json in Resources */ = {isa = PBXBuildFile; fileRef = 8D353C8924F63853009AA871 /* 2.json */; };
		8D353C9024F63854009AA871 /* 4.json in Resources */ = {isa = PBXBuildFile; fileRef = 8D353C8A24F63853009AA871 /* 4.json */; };
		8D353C9124F63854009AA871 /* 5.json in Resources */ = {isa = PBXBuildFile; fileRef = 8D353C8B24F63854009AA871 /* 5.json */; };
		8D353C9424F6390D009AA871 /* introViewController.swift in Sources */ = {isa = PBXBuildFile; fileRef = 8D353C9324F6390D009AA871 /* introViewController.swift */; };
/* End PBXBuildFile section */

/* Begin PBXFileReference section */
		7829E412DDED7AAEDF2D3184 /* Pods_Swift5IntroApp01.framework */ = {isa = PBXFileReference; explicitFileType = wrapper.framework; includeInIndex = 0; path = Pods_Swift5IntroApp01.framework; sourceTree = BUILT_PRODUCTS_DIR; };
		8128E0606322494CDEC2CB3E /* Pods-Swift5IntroApp01.release.xcconfig */ = {isa = PBXFileReference; includeInIndex = 1; lastKnownFileType = text.xcconfig; name = "Pods-Swift5IntroApp01.release.xcconfig"; path = "Target Support Files/Pods-Swift5IntroApp01/Pods-Swift5IntroApp01.release.xcconfig"; sourceTree = "<group>"; };
		8D353C6D24F63387009AA871 /* Swift5IntroApp01.app */ = {isa = PBXFileReference; explicitFileType = wrapper.application; includeInIndex = 0; path = Swift5IntroApp01.app; sourceTree = BUILT_PRODUCTS_DIR; };
		8D353C7024F63387009AA871 /* AppDelegate.swift */ = {isa = PBXFileReference; lastKnownFileType = sourcecode.swift; path = AppDelegate.swift; sourceTree = "<group>"; };
		8D353C7224F63387009AA871 /* SceneDelegate.swift */ = {isa = PBXFileReference; lastKnownFileType = sourcecode.swift; path = SceneDelegate.swift; sourceTree = "<group>"; };
		8D353C7724F63387009AA871 /* Base */ = {isa = PBXFileReference; lastKnownFileType = file.storyboard; name = Base; path = Base.lproj/Main.storyboard; sourceTree = "<group>"; };
		8D353C7924F63389009AA871 /* Assets.xcassets */ = {isa = PBXFileReference; lastKnownFileType = folder.assetcatalog; path = Assets.xcassets; sourceTree = "<group>"; };
		8D353C7C24F63389009AA871 /* Base */ = {isa = PBXFileReference; lastKnownFileType = file.storyboard; name = Base; path = Base.lproj/LaunchScreen.storyboard; sourceTree = "<group>"; };
		8D353C7E24F63389009AA871 /* Info.plist */ = {isa = PBXFileReference; lastKnownFileType = text.plist.xml; path = Info.plist; sourceTree = "<group>"; };
		8D353C8724F63853009AA871 /* 3.json */ = {isa = PBXFileReference; fileEncoding = 4; lastKnownFileType = text.json; path = 3.json; sourceTree = "<group>"; };
		8D353C8824F63853009AA871 /* 1.json */ = {isa = PBXFileReference; fileEncoding = 4; lastKnownFileType = text.json; path = 1.json; sourceTree = "<group>"; };
		8D353C8924F63853009AA871 /* 2.json */ = {isa = PBXFileReference; fileEncoding = 4; lastKnownFileType = text.json; path = 2.json; sourceTree = "<group>"; };
		8D353C8A24F63853009AA871 /* 4.json */ = {isa = PBXFileReference; fileEncoding = 4; lastKnownFileType = text.json; path = 4.json; sourceTree = "<group>"; };
		8D353C8B24F63854009AA871 /* 5.json */ = {isa = PBXFileReference; fileEncoding = 4; lastKnownFileType = text.json; path = 5.json; sourceTree = "<group>"; };
		8D353C9324F6390D009AA871 /* introViewController.swift */ = {isa = PBXFileReference; lastKnownFileType = sourcecode.swift; path = introViewController.swift; sourceTree = "<group>"; };
		918D363002C40B0BD9143126 /* Pods-Swift5IntroApp01.debug.xcconfig */ = {isa = PBXFileReference; includeInIndex = 1; lastKnownFileType = text.xcconfig; name = "Pods-Swift5IntroApp01.debug.xcconfig"; path = "Target Support Files/Pods-Swift5IntroApp01/Pods-Swift5IntroApp01.debug.xcconfig"; sourceTree = "<group>"; };
/* End PBXFileReference section */

/* Begin PBXFrameworksBuildPhase section */
		8D353C6A24F63387009AA871 /* Frameworks */ = {
			isa = PBXFrameworksBuildPhase;
			buildActionMask = 2147483647;
			files = (
				3D2B66DFF6998CC194CB6C10 /* Pods_Swift5IntroApp01.framework in Frameworks */,
			);
			runOnlyForDeploymentPostprocessing = 0;
		};
/* End PBXFrameworksBuildPhase section */

/* Begin PBXGroup section */
		7535CC829D7EA02DA8E013F4 /* Pods */ = {
			isa = PBXGroup;
			children = (
				918D363002C40B0BD9143126 /* Pods-Swift5IntroApp01.debug.xcconfig */,
				8128E0606322494CDEC2CB3E /* Pods-Swift5IntroApp01.release.xcconfig */,
			);
			path = Pods;
			sourceTree = "<group>";
		};
		8D353C6424F63387009AA871 = {
			isa = PBXGroup;
			children = (
				8D353C6F24F63387009AA871 /* Swift5IntroApp01 */,
				8D353C6E24F63387009AA871 /* Products */,
				7535CC829D7EA02DA8E013F4 /* Pods */,
				A5F2C39212C4064BE275CF5E /* Frameworks */,
			);
			sourceTree = "<group>";
		};
		8D353C6E24F63387009AA871 /* Products */ = {
			isa = PBXGroup;
			children = (
				8D353C6D24F63387009AA871 /* Swift5IntroApp01.app */,
			);
			name = Products;
			sourceTree = "<group>";
		};
		8D353C6F24F63387009AA871 /* Swift5IntroApp01 */ = {
			isa = PBXGroup;
			children = (
				8D353C8624F63713009AA871 /* Model */,
				8D353C8524F63706009AA871 /* View */,
				8D353C8424F636DD009AA871 /* Controller */,
				8D353C7E24F63389009AA871 /* Info.plist */,
				8D353C8824F63853009AA871 /* 1.json */,
				8D353C8924F63853009AA871 /* 2.json */,
				8D353C8724F63853009AA871 /* 3.json */,
				8D353C8A24F63853009AA871 /* 4.json */,
				8D353C8B24F63854009AA871 /* 5.json */,
			);
			path = Swift5IntroApp01;
			sourceTree = "<group>";
		};
		8D353C8424F636DD009AA871 /* Controller */ = {
			isa = PBXGroup;
			children = (
				8D353C7024F63387009AA871 /* AppDelegate.swift */,
				8D353C7224F63387009AA871 /* SceneDelegate.swift */,
				8D353C9324F6390D009AA871 /* introViewController.swift */,
			);
			path = Controller;
			sourceTree = "<group>";
		};
		8D353C8524F63706009AA871 /* View */ = {
			isa = PBXGroup;
			children = (
				8D353C7624F63387009AA871 /* Main.storyboard */,
				8D353C7924F63389009AA871 /* Assets.xcassets */,
				8D353C7B24F63389009AA871 /* LaunchScreen.storyboard */,
			);
			path = View;
			sourceTree = "<group>";
		};
		8D353C8624F63713009AA871 /* Model */ = {
			isa = PBXGroup;
			children = (
			);
			path = Model;
			sourceTree = "<group>";
		};
		A5F2C39212C4064BE275CF5E /* Frameworks */ = {
			isa = PBXGroup;
			children = (
				7829E412DDED7AAEDF2D3184 /* Pods_Swift5IntroApp01.framework */,
			);
			name = Frameworks;
			sourceTree = "<group>";
		};
/* End PBXGroup section */

/* Begin PBXNativeTarget section */
		8D353C6C24F63387009AA871 /* Swift5IntroApp01 */ = {
			isa = PBXNativeTarget;
			buildConfigurationList = 8D353C8124F63389009AA871 /* Build configuration list for PBXNativeTarget "Swift5IntroApp01" */;
			buildPhases = (
				ABA9C67BCDE2E7C343DA2EFE /* [CP] Check Pods Manifest.lock */,
				8D353C6924F63387009AA871 /* Sources */,
				8D353C6A24F63387009AA871 /* Frameworks */,
				8D353C6B24F63387009AA871 /* Resources */,
				F6B058877C83630732AFA28B /* [CP] Embed Pods Frameworks */,
			);
			buildRules = (
			);
			dependencies = (
			);
			name = Swift5IntroApp01;
			productName = Swift5IntroApp01;
			productReference = 8D353C6D24F63387009AA871 /* Swift5IntroApp01.app */;
			productType = "com.apple.product-type.application";
		};
/* End PBXNativeTarget section */

/* Begin PBXProject section */
		8D353C6524F63387009AA871 /* Project object */ = {
			isa = PBXProject;
			attributes = {
				LastSwiftUpdateCheck = 1160;
				LastUpgradeCheck = 1160;
				ORGANIZATIONNAME = "中塚富士雄";
				TargetAttributes = {
					8D353C6C24F63387009AA871 = {
						CreatedOnToolsVersion = 11.6;
					};
				};
			};
			buildConfigurationList = 8D353C6824F63387009AA871 /* Build configuration list for PBXProject "Swift5IntroApp01" */;
			compatibilityVersion = "Xcode 9.3";
			developmentRegion = en;
			hasScannedForEncodings = 0;
			knownRegions = (
				en,
				Base,
			);
			mainGroup = 8D353C6424F63387009AA871;
			productRefGroup = 8D353C6E24F63387009AA871 /* Products */;
			projectDirPath = "";
			projectRoot = "";
			targets = (
				8D353C6C24F63387009AA871 /* Swift5IntroApp01 */,
			);
		};
/* End PBXProject section */

/* Begin PBXResourcesBuildPhase section */
		8D353C6B24F63387009AA871 /* Resources */ = {
			isa = PBXResourcesBuildPhase;
			buildActionMask = 2147483647;
			files = (
				8D353C8E24F63854009AA871 /* 1.json in Resources */,
				8D353C7D24F63389009AA871 /* LaunchScreen.storyboard in Resources */,
				8D353C9024F63854009AA871 /* 4.json in Resources */,
				8D353C9124F63854009AA871 /* 5.json in Resources */,
				8D353C8F24F63854009AA871 /* 2.json in Resources */,
				8D353C8D24F63854009AA871 /* 3.json in Resources */,
				8D353C7A24F63389009AA871 /* Assets.xcassets in Resources */,
				8D353C7824F63387009AA871 /* Main.storyboard in Resources */,
			);
			runOnlyForDeploymentPostprocessing = 0;
		};
/* End PBXResourcesBuildPhase section */

/* Begin PBXShellScriptBuildPhase section */
		ABA9C67BCDE2E7C343DA2EFE /* [CP] Check Pods Manifest.lock */ = {
			isa = PBXShellScriptBuildPhase;
			buildActionMask = 2147483647;
			files = (
			);
			inputFileListPaths = (
			);
			inputPaths = (
				"${PODS_PODFILE_DIR_PATH}/Podfile.lock",
				"${PODS_ROOT}/Manifest.lock",
			);
			name = "[CP] Check Pods Manifest.lock";
			outputFileListPaths = (
			);
			outputPaths = (
				"$(DERIVED_FILE_DIR)/Pods-Swift5IntroApp01-checkManifestLockResult.txt",
			);
			runOnlyForDeploymentPostprocessing = 0;
			shellPath = /bin/sh;
			shellScript = "diff \"${PODS_PODFILE_DIR_PATH}/Podfile.lock\" \"${PODS_ROOT}/Manifest.lock\" > /dev/null\nif [ $? != 0 ] ; then\n    # print error to STDERR\n    echo \"error: The sandbox is not in sync with the Podfile.lock. Run 'pod install' or update your CocoaPods installation.\" >&2\n    exit 1\nfi\n# This output is used by Xcode 'outputs' to avoid re-running this script phase.\necho \"SUCCESS\" > \"${SCRIPT_OUTPUT_FILE_0}\"\n";
			showEnvVarsInLog = 0;
		};
		F6B058877C83630732AFA28B /* [CP] Embed Pods Frameworks */ = {
			isa = PBXShellScriptBuildPhase;
			buildActionMask = 2147483647;
			files = (
			);
			inputFileListPaths = (
				"${PODS_ROOT}/Target Support Files/Pods-Swift5IntroApp01/Pods-Swift5IntroApp01-frameworks-${CONFIGURATION}-input-files.xcfilelist",
			);
			name = "[CP] Embed Pods Frameworks";
			outputFileListPaths = (
				"${PODS_ROOT}/Target Support Files/Pods-Swift5IntroApp01/Pods-Swift5IntroApp01-frameworks-${CONFIGURATION}-output-files.xcfilelist",
			);
			runOnlyForDeploymentPostprocessing = 0;
			shellPath = /bin/sh;
			shellScript = "\"${PODS_ROOT}/Target Support Files/Pods-Swift5IntroApp01/Pods-Swift5IntroApp01-frameworks.sh\"\n";
			showEnvVarsInLog = 0;
		};
/* End PBXShellScriptBuildPhase section */

/* Begin PBXSourcesBuildPhase section */
		8D353C6924F63387009AA871 /* Sources */ = {
			isa = PBXSourcesBuildPhase;
			buildActionMask = 2147483647;
			files = (
				8D353C7124F63387009AA871 /* AppDelegate.swift in Sources */,
				8D353C7324F63387009AA871 /* SceneDelegate.swift in Sources */,
				8D353C9424F6390D009AA871 /* introViewController.swift in Sources */,
			);
			runOnlyForDeploymentPostprocessing = 0;
		};
/* End PBXSourcesBuildPhase section */

/* Begin PBXVariantGroup section */
		8D353C7624F63387009AA871 /* Main.storyboard */ = {
			isa = PBXVariantGroup;
			children = (
				8D353C7724F63387009AA871 /* Base */,
			);
			name = Main.storyboard;
			sourceTree = "<group>";
		};
		8D353C7B24F63389009AA871 /* LaunchScreen.storyboard */ = {
			isa = PBXVariantGroup;
			children = (
				8D353C7C24F63389009AA871 /* Base */,
			);
			name = LaunchScreen.storyboard;
			sourceTree = "<group>";
		};
/* End PBXVariantGroup section */

/* Begin XCBuildConfiguration section */
		8D353C7F24F63389009AA871 /* Debug */ = {
			isa = XCBuildConfiguration;
			buildSettings = {
				ALWAYS_SEARCH_USER_PATHS = NO;
				CLANG_ANALYZER_NONNULL = YES;
				CLANG_ANALYZER_NUMBER_OBJECT_CONVERSION = YES_AGGRESSIVE;
				CLANG_CXX_LANGUAGE_STANDARD = "gnu++14";
				CLANG_CXX_LIBRARY = "libc++";
				CLANG_ENABLE_MODULES = YES;
				CLANG_ENABLE_OBJC_ARC = YES;
				CLANG_ENABLE_OBJC_WEAK = YES;
				CLANG_WARN_BLOCK_CAPTURE_AUTORELEASING = YES;
				CLANG_WARN_BOOL_CONVERSION = YES;
				CLANG_WARN_COMMA = YES;
				CLANG_WARN_CONSTANT_CONVERSION = YES;
				CLANG_WARN_DEPRECATED_OBJC_IMPLEMENTATIONS = YES;
				CLANG_WARN_DIRECT_OBJC_ISA_USAGE = YES_ERROR;
				CLANG_WARN_DOCUMENTATION_COMMENTS = YES;
				CLANG_WARN_EMPTY_BODY = YES;
				CLANG_WARN_ENUM_CONVERSION = YES;
				CLANG_WARN_INFINITE_RECURSION = YES;
				CLANG_WARN_INT_CONVERSION = YES;
				CLANG_WARN_NON_LITERAL_NULL_CONVERSION = YES;
				CLANG_WARN_OBJC_IMPLICIT_RETAIN_SELF = YES;
				CLANG_WARN_OBJC_LITERAL_CONVERSION = YES;
				CLANG_WARN_OBJC_ROOT_CLASS = YES_ERROR;
				CLANG_WARN_RANGE_LOOP_ANALYSIS = YES;
				CLANG_WARN_STRICT_PROTOTYPES = YES;
				CLANG_WARN_SUSPICIOUS_MOVE = YES;
				CLANG_WARN_UNGUARDED_AVAILABILITY = YES_AGGRESSIVE;
				CLANG_WARN_UNREACHABLE_CODE = YES;
				CLANG_WARN__DUPLICATE_METHOD_MATCH = YES;
				COPY_PHASE_STRIP = NO;
				DEBUG_INFORMATION_FORMAT = dwarf;
				ENABLE_STRICT_OBJC_MSGSEND = YES;
				ENABLE_TESTABILITY = YES;
				GCC_C_LANGUAGE_STANDARD = gnu11;
				GCC_DYNAMIC_NO_PIC = NO;
				GCC_NO_COMMON_BLOCKS = YES;
				GCC_OPTIMIZATION_LEVEL = 0;
				GCC_PREPROCESSOR_DEFINITIONS = (
					"DEBUG=1",
					"$(inherited)",
				);
				GCC_WARN_64_TO_32_BIT_CONVERSION = YES;
				GCC_WARN_ABOUT_RETURN_TYPE = YES_ERROR;
				GCC_WARN_UNDECLARED_SELECTOR = YES;
				GCC_WARN_UNINITIALIZED_AUTOS = YES_AGGRESSIVE;
				GCC_WARN_UNUSED_FUNCTION = YES;
				GCC_WARN_UNUSED_VARIABLE = YES;
				IPHONEOS_DEPLOYMENT_TARGET = 13.6;
				MTL_ENABLE_DEBUG_INFO = INCLUDE_SOURCE;
				MTL_FAST_MATH = YES;
				ONLY_ACTIVE_ARCH = YES;
				SDKROOT = iphoneos;
				SWIFT_ACTIVE_COMPILATION_CONDITIONS = DEBUG;
				SWIFT_OPTIMIZATION_LEVEL = "-Onone";
			};
			name = Debug;
		};
		8D353C8024F63389009AA871 /* Release */ = {
			isa = XCBuildConfiguration;
			buildSettings = {
				ALWAYS_SEARCH_USER_PATHS = NO;
				CLANG_ANALYZER_NONNULL = YES;
				CLANG_ANALYZER_NUMBER_OBJECT_CONVERSION = YES_AGGRESSIVE;
				CLANG_CXX_LANGUAGE_STANDARD = "gnu++14";
				CLANG_CXX_LIBRARY = "libc++";
				CLANG_ENABLE_MODULES = YES;
				CLANG_ENABLE_OBJC_ARC = YES;
				CLANG_ENABLE_OBJC_WEAK = YES;
				CLANG_WARN_BLOCK_CAPTURE_AUTORELEASING = YES;
				CLANG_WARN_BOOL_CONVERSION = YES;
				CLANG_WARN_COMMA = YES;
				CLANG_WARN_CONSTANT_CONVERSION = YES;
				CLANG_WARN_DEPRECATED_OBJC_IMPLEMENTATIONS = YES;
				CLANG_WARN_DIRECT_OBJC_ISA_USAGE = YES_ERROR;
				CLANG_WARN_DOCUMENTATION_COMMENTS = YES;
				CLANG_WARN_EMPTY_BODY = YES;
				CLANG_WARN_ENUM_CONVERSION = YES;
				CLANG_WARN_INFINITE_RECURSION = YES;
				CLANG_WARN_INT_CONVERSION = YES;
				CLANG_WARN_NON_LITERAL_NULL_CONVERSION = YES;
				CLANG_WARN_OBJC_IMPLICIT_RETAIN_SELF = YES;
				CLANG_WARN_OBJC_LITERAL_CONVERSION = YES;
				CLANG_WARN_OBJC_ROOT_CLASS = YES_ERROR;
				CLANG_WARN_RANGE_LOOP_ANALYSIS = YES;
				CLANG_WARN_STRICT_PROTOTYPES = YES;
				CLANG_WARN_SUSPICIOUS_MOVE = YES;
				CLANG_WARN_UNGUARDED_AVAILABILITY = YES_AGGRESSIVE;
				CLANG_WARN_UNREACHABLE_CODE = YES;
				CLANG_WARN__DUPLICATE_METHOD_MATCH = YES;
				COPY_PHASE_STRIP = NO;
				DEBUG_INFORMATION_FORMAT = "dwarf-with-dsym";
				ENABLE_NS_ASSERTIONS = NO;
				ENABLE_STRICT_OBJC_MSGSEND = YES;
				GCC_C_LANGUAGE_STANDARD = gnu11;
				GCC_NO_COMMON_BLOCKS = YES;
				GCC_WARN_64_TO_32_BIT_CONVERSION = YES;
				GCC_WARN_ABOUT_RETURN_TYPE = YES_ERROR;
				GCC_WARN_UNDECLARED_SELECTOR = YES;
				GCC_WARN_UNINITIALIZED_AUTOS = YES_AGGRESSIVE;
				GCC_WARN_UNUSED_FUNCTION = YES;
				GCC_WARN_UNUSED_VARIABLE = YES;
				IPHONEOS_DEPLOYMENT_TARGET = 13.6;
				MTL_ENABLE_DEBUG_INFO = NO;
				MTL_FAST_MATH = YES;
				SDKROOT = iphoneos;
				SWIFT_COMPILATION_MODE = wholemodule;
				SWIFT_OPTIMIZATION_LEVEL = "-O";
				VALIDATE_PRODUCT = YES;
			};
			name = Release;
		};
		8D353C8224F63389009AA871 /* Debug */ = {
			isa = XCBuildConfiguration;
			baseConfigurationReference = 918D363002C40B0BD9143126 /* Pods-Swift5IntroApp01.debug.xcconfig */;
			buildSettings = {
				ASSETCATALOG_COMPILER_APPICON_NAME = AppIcon;
				CODE_SIGN_STYLE = Automatic;
				DEVELOPMENT_TEAM = XHN5S8Z76G;
				INFOPLIST_FILE = Swift5IntroApp01/Info.plist;
				LD_RUNPATH_SEARCH_PATHS = (
					"$(inherited)",
					"@executable_path/Frameworks",
				);
				PRODUCT_BUNDLE_IDENTIFIER = com.nifty.cbm01799.Swift5IntroApp01;
				PRODUCT_NAME = "$(TARGET_NAME)";
				SWIFT_VERSION = 5.0;
				TARGETED_DEVICE_FAMILY = "1,2";
			};
			name = Debug;
		};
		8D353C8324F63389009AA871 /* Release */ = {
			isa = XCBuildConfiguration;
			baseConfigurationReference = 8128E0606322494CDEC2CB3E /* Pods-Swift5IntroApp01.release.xcconfig */;
			buildSettings = {
				ASSETCATALOG_COMPILER_APPICON_NAME = AppIcon;
				CODE_SIGN_STYLE = Automatic;
				DEVELOPMENT_TEAM = XHN5S8Z76G;
				INFOPLIST_FILE = Swift5IntroApp01/Info.plist;
				LD_RUNPATH_SEARCH_PATHS = (
					"$(inherited)",
					"@executable_path/Frameworks",
				);
				PRODUCT_BUNDLE_IDENTIFIER = com.nifty.cbm01799.Swift5IntroApp01;
				PRODUCT_NAME = "$(TARGET_NAME)";
				SWIFT_VERSION = 5.0;
				TARGETED_DEVICE_FAMILY = "1,2";
			};
			name = Release;
		};
/* End XCBuildConfiguration section */

/* Begin XCConfigurationList section */
		8D353C6824F63387009AA871 /* Build configuration list for PBXProject "Swift5IntroApp01" */ = {
			isa = XCConfigurationList;
			buildConfigurations = (
				8D353C7F24F63389009AA871 /* Debug */,
				8D353C8024F63389009AA871 /* Release */,
			);
			defaultConfigurationIsVisible = 0;
			defaultConfigurationName = Release;
		};
		8D353C8124F63389009AA871 /* Build configuration list for PBXNativeTarget "Swift5IntroApp01" */ = {
			isa = XCConfigurationList;
			buildConfigurations = (
				8D353C8224F63389009AA871 /* Debug */,
				8D353C8324F63389009AA871 /* Release */,
			);
			defaultConfigurationIsVisible = 0;
			defaultConfigurationName = Release;
		};
/* End XCConfigurationList section */
	};
	rootObject = 8D353C6524F63387009AA871 /* Project object */;
}
